
Microsoft Visual Studio Solution File, Format Version 12.00
# Visual Studio 15
VisualStudioVersion = 15.0.28307.960
MinimumVisualStudioVersion = 10.0.40219.1
Project("{FAE04EC0-301F-11D3-BF4B-00C04F79EFBC}") = "AppAlunosMedia.Domain", "AppAlunosMedia.Domain\AppAlunosMedia.Domain.csproj", "{2230C437-242B-4CB7-8EB6-0F4E04292A16}"
EndProject
Project("{FAE04EC0-301F-11D3-BF4B-00C04F79EFBC}") = "AppAlunosMedia.Application", "AppAlunosMedia.Application\AppAlunosMedia.Application.csproj", "{A16AB6D9-0249-4281-BFF7-3148F43F64F5}"
EndProject
Project("{FAE04EC0-301F-11D3-BF4B-00C04F79EFBC}") = "AppAlunosMedia.Infra", "AppAlunosMedia.Infra\AppAlunosMedia.Infra.csproj", "{E4EE3F5D-58EA-46F7-BD7E-A3D3E6A3B156}"
EndProject
Project("{FAE04EC0-301F-11D3-BF4B-00C04F79EFBC}") = "AppAlunosMedia", "AppAlunosMedia\AppAlunosMedia.csproj", "{F1AFCAEF-3F48-463B-80EE-2B873ECEEA5E}"
EndProject
Project("{FAE04EC0-301F-11D3-BF4B-00C04F79EFBC}") = "AppAlunosMedia.Tests", "AppAlunosMedia.Tests\AppAlunosMedia.Tests.csproj", "{BAEF62A6-22D2-4123-A7BB-C3044524F53A}"
EndProject
Global
	GlobalSection(SolutionConfigurationPlatforms) = preSolution
		Debug|Any CPU = Debug|Any CPU
		Release|Any CPU = Release|Any CPU
	EndGlobalSection
	GlobalSection(ProjectConfigurationPlatforms) = postSolution
		{2230C437-242B-4CB7-8EB6-0F4E04292A16}.Debug|Any CPU.ActiveCfg = Debug|Any CPU
		{2230C437-242B-4CB7-8EB6-0F4E04292A16}.Debug|Any CPU.Build.0 = Debug|Any CPU
		{2230C437-242B-4CB7-8EB6-0F4E04292A16}.Release|Any CPU.ActiveCfg = Release|Any CPU
		{2230C437-242B-4CB7-8EB6-0F4E04292A16}.Release|Any CPU.Build.0 = Release|Any CPU
		{A16AB6D9-0249-4281-BFF7-3148F43F64F5}.Debug|Any CPU.ActiveCfg = Debug|Any CPU
		{A16AB6D9-0249-4281-BFF7-3148F43F64F5}.Debug|Any CPU.Build.0 = Debug|Any CPU
		{A16AB6D9-0249-4281-BFF7-3148F43F64F5}.Release|Any CPU.ActiveCfg = Release|Any CPU
		{A16AB6D9-0249-4281-BFF7-3148F43F64F5}.Release|Any CPU.Build.0 = Release|Any CPU
		{E4EE3F5D-58EA-46F7-BD7E-A3D3E6A3B156}.Debug|Any CPU.ActiveCfg = Debug|Any CPU
		{E4EE3F5D-58EA-46F7-BD7E-A3D3E6A3B156}.Debug|Any CPU.Build.0 = Debug|Any CPU
		{E4EE3F5D-58EA-46F7-BD7E-A3D3E6A3B156}.Release|Any CPU.ActiveCfg = Release|Any CPU
		{E4EE3F5D-58EA-46F7-BD7E-A3D3E6A3B156}.Release|Any CPU.Build.0 = Release|Any CPU
		{F1AFCAEF-3F48-463B-80EE-2B873ECEEA5E}.Debug|Any CPU.ActiveCfg = Debug|Any CPU
		{F1AFCAEF-3F48-463B-80EE-2B873ECEEA5E}.Debug|Any CPU.Build.0 = Debug|Any CPU
		{F1AFCAEF-3F48-463B-80EE-2B873ECEEA5E}.Release|Any CPU.ActiveCfg = Release|Any CPU
		{F1AFCAEF-3F48-463B-80EE-2B873ECEEA5E}.Release|Any CPU.Build.0 = Release|Any CPU
		{BAEF62A6-22D2-4123-A7BB-C3044524F53A}.Debug|Any CPU.ActiveCfg = Debug|Any CPU
		{BAEF62A6-22D2-4123-A7BB-C3044524F53A}.Debug|Any CPU.Build.0 = Debug|Any CPU
		{BAEF62A6-22D2-4123-A7BB-C3044524F53A}.Release|Any CPU.ActiveCfg = Release|Any CPU
		{BAEF62A6-22D2-4123-A7BB-C3044524F53A}.Release|Any CPU.Build.0 = Release|Any CPU
	EndGlobalSection
	GlobalSection(SolutionProperties) = preSolution
		HideSolutionNode = FALSE
	EndGlobalSection
	GlobalSection(ExtensibilityGlobals) = postSolution
		SolutionGuid = {FC3209C0-C8AD-43BA-9026-71C4822FA42F}
	EndGlobalSection
EndGlobal
